
Microsoft Visual Studio Solution File, Format Version 12.00
# Visual Studio Version 17
VisualStudioVersion = 17.2.32616.157
MinimumVisualStudioVersion = 10.0.40219.1
Project("{FAE04EC0-301F-11D3-BF4B-00C04F79EFBC}") = "ProgramsForNUnitTesting", "ProgramsForNUnitTesting\ProgramsForNUnitTesting.csproj", "{D33552FF-A956-4377-BE62-DC7A5C3C0F09}"
EndProject
Global
	GlobalSection(SolutionConfigurationPlatforms) = preSolution
		Debug|Any CPU = Debug|Any CPU
		Release|Any CPU = Release|Any CPU
	EndGlobalSection
	GlobalSection(ProjectConfigurationPlatforms) = postSolution
		{D33552FF-A956-4377-BE62-DC7A5C3C0F09}.Debug|Any CPU.ActiveCfg = Debug|Any CPU
		{D33552FF-A956-4377-BE62-DC7A5C3C0F09}.Debug|Any CPU.Build.0 = Debug|Any CPU
		{D33552FF-A956-4377-BE62-DC7A5C3C0F09}.Release|Any CPU.ActiveCfg = Release|Any CPU
		{D33552FF-A956-4377-BE62-DC7A5C3C0F09}.Release|Any CPU.Build.0 = Release|Any CPU
	EndGlobalSection
	GlobalSection(SolutionProperties) = preSolution
		HideSolutionNode = FALSE
	EndGlobalSection
	GlobalSection(ExtensibilityGlobals) = postSolution
		SolutionGuid = {3AA06A01-B1B0-45CD-A4F8-6E8BA0F65996}
	EndGlobalSection
EndGlobal
